
Microsoft Visual Studio Solution File, Format Version 12.00
# Visual Studio Version 17
VisualStudioVersion = 17.7.34024.191
MinimumVisualStudioVersion = 10.0.40219.1
Project("{FAE04EC0-301F-11D3-BF4B-00C04F79EFBC}") = "TestWebsite20241103", "TestWebsite20241103.csproj", "{235D4885-038D-4887-9C9F-68E84685925C}"
EndProject
Global
	GlobalSection(SolutionConfigurationPlatforms) = preSolution
		Debug|Any CPU = Debug|Any CPU
		Release|Any CPU = Release|Any CPU
	EndGlobalSection
	GlobalSection(ProjectConfigurationPlatforms) = postSolution
		{235D4885-038D-4887-9C9F-68E84685925C}.Debug|Any CPU.ActiveCfg = Debug|Any CPU
		{235D4885-038D-4887-9C9F-68E84685925C}.Debug|Any CPU.Build.0 = Debug|Any CPU
		{235D4885-038D-4887-9C9F-68E84685925C}.Release|Any CPU.ActiveCfg = Release|Any CPU
		{235D4885-038D-4887-9C9F-68E84685925C}.Release|Any CPU.Build.0 = Release|Any CPU
	EndGlobalSection
	GlobalSection(SolutionProperties) = preSolution
		HideSolutionNode = FALSE
	EndGlobalSection
	GlobalSection(ExtensibilityGlobals) = postSolution
		SolutionGuid = {92078C57-36AA-45EC-AC73-859B3AE4152A}
	EndGlobalSection
EndGlobal
